
Microsoft Visual Studio Solution File, Format Version 12.00
# Visual Studio Version 17
VisualStudioVersion = 17.0.31903.59
MinimumVisualStudioVersion = 10.0.40219.1
Project("{FAE04EC0-301F-11D3-BF4B-00C04F79EFBC}") = "EzDailyContent", "EzDailyContent.csproj", "{C1325E11-B00D-47EE-AC44-6C644F0BC288}"
EndProject
Global
	GlobalSection(SolutionConfigurationPlatforms) = preSolution
		Debug|Any CPU = Debug|Any CPU
		Debug|x64 = Debug|x64
		Debug|x86 = Debug|x86
		Release|Any CPU = Release|Any CPU
		Release|x64 = Release|x64
		Release|x86 = Release|x86
	EndGlobalSection
	GlobalSection(ProjectConfigurationPlatforms) = postSolution
		{C1325E11-B00D-47EE-AC44-6C644F0BC288}.Debug|Any CPU.ActiveCfg = Debug|Any CPU
		{C1325E11-B00D-47EE-AC44-6C644F0BC288}.Debug|Any CPU.Build.0 = Debug|Any CPU
		{C1325E11-B00D-47EE-AC44-6C644F0BC288}.Debug|x64.ActiveCfg = Debug|Any CPU
		{C1325E11-B00D-47EE-AC44-6C644F0BC288}.Debug|x64.Build.0 = Debug|Any CPU
		{C1325E11-B00D-47EE-AC44-6C644F0BC288}.Debug|x86.ActiveCfg = Debug|Any CPU
		{C1325E11-B00D-47EE-AC44-6C644F0BC288}.Debug|x86.Build.0 = Debug|Any CPU
		{C1325E11-B00D-47EE-AC44-6C644F0BC288}.Release|Any CPU.ActiveCfg = Debug|Any CPU
		{C1325E11-B00D-47EE-AC44-6C644F0BC288}.Release|Any CPU.Build.0 = Debug|Any CPU
		{C1325E11-B00D-47EE-AC44-6C644F0BC288}.Release|x64.ActiveCfg = Debug|Any CPU
		{C1325E11-B00D-47EE-AC44-6C644F0BC288}.Release|x64.Build.0 = Debug|Any CPU
		{C1325E11-B00D-47EE-AC44-6C644F0BC288}.Release|x86.ActiveCfg = Debug|Any CPU
		{C1325E11-B00D-47EE-AC44-6C644F0BC288}.Release|x86.Build.0 = Debug|Any CPU
	EndGlobalSection
	GlobalSection(SolutionProperties) = preSolution
		HideSolutionNode = FALSE
	EndGlobalSection
EndGlobal
